
Microsoft Visual Studio Solution File, Format Version 12.00
Project("{FAE04EC0-301F-11D3-BF4B-00C04F79EFBC}") = "Task4", "Task4\Task4.csproj", "{AD9B6135-3095-41A8-963B-F60135CDD857}"
EndProject
Global
	GlobalSection(SolutionConfigurationPlatforms) = preSolution
		Debug|Any CPU = Debug|Any CPU
		Release|Any CPU = Release|Any CPU
	EndGlobalSection
	GlobalSection(ProjectConfigurationPlatforms) = postSolution
		{AD9B6135-3095-41A8-963B-F60135CDD857}.Debug|Any CPU.ActiveCfg = Debug|Any CPU
		{AD9B6135-3095-41A8-963B-F60135CDD857}.Debug|Any CPU.Build.0 = Debug|Any CPU
		{AD9B6135-3095-41A8-963B-F60135CDD857}.Release|Any CPU.ActiveCfg = Release|Any CPU
		{AD9B6135-3095-41A8-963B-F60135CDD857}.Release|Any CPU.Build.0 = Release|Any CPU
	EndGlobalSection
EndGlobal
